
Microsoft Visual Studio Solution File, Format Version 12.00
# Visual Studio Version 16
VisualStudioVersion = 16.0.30717.126
MinimumVisualStudioVersion = 10.0.40219.1
Project("{FAE04EC0-301F-11D3-BF4B-00C04F79EFBC}") = "PractikaASP", "PractikaASP.csproj", "{4CFB616C-8D69-416E-BD63-0048DD140820}"
EndProject
Global
	GlobalSection(SolutionConfigurationPlatforms) = preSolution
		Debug|Any CPU = Debug|Any CPU
		Release|Any CPU = Release|Any CPU
	EndGlobalSection
	GlobalSection(ProjectConfigurationPlatforms) = postSolution
		{4CFB616C-8D69-416E-BD63-0048DD140820}.Debug|Any CPU.ActiveCfg = Debug|Any CPU
		{4CFB616C-8D69-416E-BD63-0048DD140820}.Debug|Any CPU.Build.0 = Debug|Any CPU
		{4CFB616C-8D69-416E-BD63-0048DD140820}.Release|Any CPU.ActiveCfg = Release|Any CPU
		{4CFB616C-8D69-416E-BD63-0048DD140820}.Release|Any CPU.Build.0 = Release|Any CPU
	EndGlobalSection
	GlobalSection(SolutionProperties) = preSolution
		HideSolutionNode = FALSE
	EndGlobalSection
	GlobalSection(ExtensibilityGlobals) = postSolution
		SolutionGuid = {F98F853B-22C3-4917-B955-E2CF32666546}
	EndGlobalSection
EndGlobal
